
Microsoft Visual Studio Solution File, Format Version 12.00
# Visual Studio Version 17
VisualStudioVersion = 17.8.34330.188
MinimumVisualStudioVersion = 10.0.40219.1
Project("{8BC9CEB8-8B4A-11D0-8D11-00A0C91BC942}") = "DSAG-Template", "DSAG\DSAG.vcxproj", "{D7CA92DC-CE8D-480A-A63B-EE9CF464CE52}"
EndProject
Project("{2150E333-8FDC-42A3-9474-1A3956D46DE8}") = "Assets", "Assets", "{F31A0567-524F-4DB6-BEB1-3226C1A8A7CF}"
EndProject
Project("{2150E333-8FDC-42A3-9474-1A3956D46DE8}") = "Code", "Code", "{3577A3D4-63A8-4CF0-8443-5970CC3D4221}"
EndProject
Project("{2150E333-8FDC-42A3-9474-1A3956D46DE8}") = "Backgrounds", "Backgrounds", "{50C33FAC-1A5B-46A7-B6C0-45FA0D62FF9C}"
	ProjectSection(SolutionItems) = preProject
		DSAG\Assets\Backgrounds\bg_1.png = DSAG\Assets\Backgrounds\bg_1.png
		DSAG\Assets\Backgrounds\bg_2.png = DSAG\Assets\Backgrounds\bg_2.png
		DSAG\Assets\Backgrounds\bg_3.png = DSAG\Assets\Backgrounds\bg_3.png
	EndProjectSection
EndProject
Project("{2150E333-8FDC-42A3-9474-1A3956D46DE8}") = "Animations", "Animations", "{11575DFE-9CC2-449D-81E7-C9F6688ECD9A}"
	ProjectSection(SolutionItems) = preProject
		DSAG\Assets\Animations\bird.png = DSAG\Assets\Animations\bird.png
	EndProjectSection
EndProject
Project("{2150E333-8FDC-42A3-9474-1A3956D46DE8}") = "Audio", "Audio", "{C89A3EF4-D991-4976-B42E-4402B6F9DFC5}"
EndProject
Project("{2150E333-8FDC-42A3-9474-1A3956D46DE8}") = "Data", "Data", "{DCF27C49-0131-45AA-971D-02B93B607E84}"
EndProject
Project("{2150E333-8FDC-42A3-9474-1A3956D46DE8}") = "DCC", "DCC", "{861F34FB-DC6B-48B5-AE14-481E15D49E59}"
EndProject
Project("{2150E333-8FDC-42A3-9474-1A3956D46DE8}") = "Fonts", "Fonts", "{9886A114-A5B6-4182-ACD3-ADA703962CF5}"
EndProject
Project("{2150E333-8FDC-42A3-9474-1A3956D46DE8}") = "Statics", "Statics", "{CBDCD154-666F-465F-86D6-5F237A19A46F}"
EndProject
Project("{2150E333-8FDC-42A3-9474-1A3956D46DE8}") = "TileSets", "TileSets", "{28E021FC-1A43-4652-8BCD-6708A18E5E4A}"
EndProject
Global
	GlobalSection(SolutionConfigurationPlatforms) = preSolution
		Debug|x64 = Debug|x64
		Debug|x86 = Debug|x86
		Release|x64 = Release|x64
		Release|x86 = Release|x86
	EndGlobalSection
	GlobalSection(ProjectConfigurationPlatforms) = postSolution
		{D7CA92DC-CE8D-480A-A63B-EE9CF464CE52}.Debug|x64.ActiveCfg = Debug|x64
		{D7CA92DC-CE8D-480A-A63B-EE9CF464CE52}.Debug|x64.Build.0 = Debug|x64
		{D7CA92DC-CE8D-480A-A63B-EE9CF464CE52}.Debug|x86.ActiveCfg = Debug|Win32
		{D7CA92DC-CE8D-480A-A63B-EE9CF464CE52}.Debug|x86.Build.0 = Debug|Win32
		{D7CA92DC-CE8D-480A-A63B-EE9CF464CE52}.Release|x64.ActiveCfg = Release|x64
		{D7CA92DC-CE8D-480A-A63B-EE9CF464CE52}.Release|x64.Build.0 = Release|x64
		{D7CA92DC-CE8D-480A-A63B-EE9CF464CE52}.Release|x86.ActiveCfg = Release|Win32
		{D7CA92DC-CE8D-480A-A63B-EE9CF464CE52}.Release|x86.Build.0 = Release|Win32
	EndGlobalSection
	GlobalSection(SolutionProperties) = preSolution
		HideSolutionNode = FALSE
	EndGlobalSection
	GlobalSection(NestedProjects) = preSolution
		{D7CA92DC-CE8D-480A-A63B-EE9CF464CE52} = {3577A3D4-63A8-4CF0-8443-5970CC3D4221}
		{50C33FAC-1A5B-46A7-B6C0-45FA0D62FF9C} = {F31A0567-524F-4DB6-BEB1-3226C1A8A7CF}
		{11575DFE-9CC2-449D-81E7-C9F6688ECD9A} = {F31A0567-524F-4DB6-BEB1-3226C1A8A7CF}
		{C89A3EF4-D991-4976-B42E-4402B6F9DFC5} = {F31A0567-524F-4DB6-BEB1-3226C1A8A7CF}
		{DCF27C49-0131-45AA-971D-02B93B607E84} = {F31A0567-524F-4DB6-BEB1-3226C1A8A7CF}
		{861F34FB-DC6B-48B5-AE14-481E15D49E59} = {F31A0567-524F-4DB6-BEB1-3226C1A8A7CF}
		{9886A114-A5B6-4182-ACD3-ADA703962CF5} = {F31A0567-524F-4DB6-BEB1-3226C1A8A7CF}
		{CBDCD154-666F-465F-86D6-5F237A19A46F} = {F31A0567-524F-4DB6-BEB1-3226C1A8A7CF}
		{28E021FC-1A43-4652-8BCD-6708A18E5E4A} = {F31A0567-524F-4DB6-BEB1-3226C1A8A7CF}
	EndGlobalSection
	GlobalSection(ExtensibilityGlobals) = postSolution
		SolutionGuid = {28037313-F4EA-43A1-B04A-7F8FE46A1E82}
	EndGlobalSection
EndGlobal
