<?xml version="1.0" encoding="utf-8"?>
<Project ToolsVersion="4.0" xmlns="http://schemas.microsoft.com/developer/msbuild/2003">
  <ItemGroup>
    <Filter Include="Source Files">
      <UniqueIdentifier>{4FC737F1-C7A5-4376-A066-2A32D752A2FF}</UniqueIdentifier>
      <Extensions>cpp;c;cc;cxx;def;odl;idl;hpj;bat;asm;asmx</Extensions>
    </Filter>
    <Filter Include="Header Files">
      <UniqueIdentifier>{93995380-89BD-4b04-88EB-625FBE52EBFB}</UniqueIdentifier>
      <Extensions>h;hh;hpp;hxx;hm;inl;inc;xsd</Extensions>
    </Filter>
    <Filter Include="Resource Files">
      <UniqueIdentifier>{67DA6AB6-F800-4c08-8B7A-83BB121AAD01}</UniqueIdentifier>
      <Extensions>rc;ico;cur;bmp;dlg;rc2;rct;bin;rgs;gif;jpg;jpeg;jpe;resx;tiff;tif;png;wav;mfcribbon-ms</Extensions>
    </Filter>
    <Filter Include="Inline Files">
      <UniqueIdentifier>{9b46b2a7-4505-4d66-8f90-e7ec27db30f0}</UniqueIdentifier>
    </Filter>
  </ItemGroup>
  <ItemGroup>
    <ClCompile Include="src\LJMUAnimSprite.cpp">
      <Filter>Source Files</Filter>
    </ClCompile>
    <ClCompile Include="src\LJMUSettings.cpp">
      <Filter>Source Files</Filter>
    </ClCompile>
    <ClCompile Include="src\main.cpp">
      <Filter>Source Files</Filter>
    </ClCompile>
    <ClCompile Include="src\LJMUGameBase.cpp">
      <Filter>Source Files</Filter>
    </ClCompile>
    <ClCompile Include="src\game\GameScreenMain.cpp">
      <Filter>Source Files</Filter>
    </ClCompile>
    <ClCompile Include="src\LJMUInterfaces.cpp">
      <Filter>Source Files</Filter>
    </ClCompile>
    <ClCompile Include="src\Brick.cpp">
      <Filter>Source Files</Filter>
    </ClCompile>
    <ClCompile Include="src\BVH.cpp">
      <Filter>Source Files</Filter>
    </ClCompile>
    <ClCompile Include="src\level.cpp">
      <Filter>Source Files</Filter>
    </ClCompile>
    <ClCompile Include="src\Pig.cpp">
      <Filter>Source Files</Filter>
    </ClCompile>
    <ClCompile Include="src\game\GameBullet.cpp">
      <Filter>Source Files</Filter>
    </ClCompile>
    <ClCompile Include="src\game\GameControls.cpp">
      <Filter>Source Files</Filter>
    </ClCompile>
    <ClCompile Include="src\game\GameEnemy.cpp">
      <Filter>Source Files</Filter>
    </ClCompile>
    <ClCompile Include="src\game\GameManager.cpp">
      <Filter>Source Files</Filter>
    </ClCompile>
    <ClCompile Include="src\game\GamePlayer.cpp">
      <Filter>Source Files</Filter>
    </ClCompile>
    <ClCompile Include="src\Bird.cpp">
      <Filter>Source Files</Filter>
    </ClCompile>
    <ClCompile Include="src\Foreground.cpp">
      <Filter>Source Files</Filter>
    </ClCompile>
    <ClCompile Include="src\Slingshot.cpp">
      <Filter>Source Files</Filter>
    </ClCompile>
  </ItemGroup>
  <ItemGroup>
    <ClInclude Include="include\LJMUAnimSprite.h">
      <Filter>Header Files</Filter>
    </ClInclude>
    <ClInclude Include="include\LJMUPCH.h">
      <Filter>Header Files</Filter>
    </ClInclude>
    <ClInclude Include="include\LJMUPolar.h">
      <Filter>Header Files</Filter>
    </ClInclude>
    <ClInclude Include="include\LJMUResourceHelper.h">
      <Filter>Header Files</Filter>
    </ClInclude>
    <ClInclude Include="include\LJMUSettings.h">
      <Filter>Header Files</Filter>
    </ClInclude>
    <ClInclude Include="include\LJMUTrigonometry.h">
      <Filter>Header Files</Filter>
    </ClInclude>
    <ClInclude Include="include\LJMUVectorMath.h">
      <Filter>Header Files</Filter>
    </ClInclude>
    <ClInclude Include="include\LJMUInterfaces.h">
      <Filter>Header Files</Filter>
    </ClInclude>
    <ClInclude Include="include\LJMUGameBase.h">
      <Filter>Header Files</Filter>
    </ClInclude>
    <ClInclude Include="include\game\GameScreenMain.h">
      <Filter>Header Files</Filter>
    </ClInclude>
    <ClInclude Include="include\LJMUFunctionLibrary.h">
      <Filter>Header Files</Filter>
    </ClInclude>
    <ClInclude Include="include\Brick.h">
      <Filter>Header Files</Filter>
    </ClInclude>
    <ClInclude Include="include\BVH.h">
      <Filter>Header Files</Filter>
    </ClInclude>
    <ClInclude Include="include\level.h">
      <Filter>Header Files</Filter>
    </ClInclude>
    <ClInclude Include="include\Pig.h">
      <Filter>Header Files</Filter>
    </ClInclude>
    <ClInclude Include="include\game\GameAssets.h">
      <Filter>Header Files</Filter>
    </ClInclude>
    <ClInclude Include="include\game\GameBullet.h">
      <Filter>Header Files</Filter>
    </ClInclude>
    <ClInclude Include="include\game\GameControls.h">
      <Filter>Header Files</Filter>
    </ClInclude>
    <ClInclude Include="include\game\GameEnemy.h">
      <Filter>Header Files</Filter>
    </ClInclude>
    <ClInclude Include="include\game\GameEnums.h">
      <Filter>Header Files</Filter>
    </ClInclude>
    <ClInclude Include="include\game\GameInterfaces.h">
      <Filter>Header Files</Filter>
    </ClInclude>
    <ClInclude Include="include\game\GameManager.h">
      <Filter>Header Files</Filter>
    </ClInclude>
    <ClInclude Include="include\game\GamePlayer.h">
      <Filter>Header Files</Filter>
    </ClInclude>
    <ClInclude Include="include\Bird.h">
      <Filter>Header Files</Filter>
    </ClInclude>
    <ClInclude Include="include\Foreground.h">
      <Filter>Header Files</Filter>
    </ClInclude>
    <ClInclude Include="include\Slingshot.h">
      <Filter>Header Files</Filter>
    </ClInclude>
  </ItemGroup>
  <ItemGroup>
    <None Include="include\LJMUPolar.inl">
      <Filter>Inline Files</Filter>
    </None>
    <None Include="include\LJMUResourceHelper.inl">
      <Filter>Inline Files</Filter>
    </None>
    <None Include="include\LJMUTrigonometry.inl">
      <Filter>Inline Files</Filter>
    </None>
    <None Include="include\LJMUVectorMath.inl">
      <Filter>Inline Files</Filter>
    </None>
    <None Include="LJMUFrameworkStructure.cd">
      <Filter>Resource Files</Filter>
    </None>
    <None Include="Assets\DCC\spritesheet.psd" />
  </ItemGroup>
  <ItemGroup>
    <Image Include="Assets\Statics\bullet.png">
      <Filter>Resource Files</Filter>
    </Image>
    <Image Include="Assets\Backgrounds\bg_2.png">
      <Filter>Resource Files</Filter>
    </Image>
    <Image Include="Assets\Backgrounds\bg_1.png">
      <Filter>Resource Files</Filter>
    </Image>
    <Image Include="Assets\Animations\si_anim3.png">
      <Filter>Resource Files</Filter>
    </Image>
    <Image Include="Assets\Animations\si_anim2.png">
      <Filter>Resource Files</Filter>
    </Image>
    <Image Include="Assets\Animations\si_anim1.png">
      <Filter>Resource Files</Filter>
    </Image>
    <Image Include="Assets\Animations\player_anim.png">
      <Filter>Resource Files</Filter>
    </Image>
    <Image Include="Assets\Backgrounds\bg_3.png">
      <Filter>Resource Files</Filter>
    </Image>
    <Image Include="Assets\Backgrounds\amazing background 2.png">
      <Filter>Resource Files</Filter>
    </Image>
    <Image Include="Assets\Sprites\bird.png">
      <Filter>Resource Files</Filter>
    </Image>
    <Image Include="Assets\Animations\bird.png">
      <Filter>Resource Files</Filter>
    </Image>
    <Image Include="Assets\Animations\AngryBordBlovk.png">
      <Filter>Resource Files</Filter>
    </Image>
    <Image Include="Assets\Animations\brick.png">
      <Filter>Resource Files</Filter>
    </Image>
    <Image Include="Assets\Animations\crap block.png">
      <Filter>Resource Files</Filter>
    </Image>
    <Image Include="Assets\Animations\pig.png">
      <Filter>Resource Files</Filter>
    </Image>
    <Image Include="Assets\Backgrounds\da_foreground.png">
      <Filter>Resource Files</Filter>
    </Image>
    <Image Include="Assets\Animations\slingshot.png">
      <Filter>Resource Files</Filter>
    </Image>
    <Image Include="Assets\Ryan-Ward.jpg">
      <Filter>Resource Files</Filter>
    </Image>
  </ItemGroup>
  <ItemGroup>
    <Font Include="Assets\Fonts\Sansation.ttf" />
    <Font Include="Assets\Fonts\retrofont.ttf" />
  </ItemGroup>
</Project>